
Microsoft Visual Studio Solution File, Format Version 12.00
# Visual Studio Version 17
VisualStudioVersion = 17.13.35913.81 d17.13
MinimumVisualStudioVersion = 10.0.40219.1
Project("{FAE04EC0-301F-11D3-BF4B-00C04F79EFBC}") = "WF.Login", "WF.Login\WF.Login.csproj", "{E41727BE-0B7D-44D6-B3EB-3C17A22E97B6}"
EndProject
Global
	GlobalSection(SolutionConfigurationPlatforms) = preSolution
		Debug|Any CPU = Debug|Any CPU
		Release|Any CPU = Release|Any CPU
	EndGlobalSection
	GlobalSection(ProjectConfigurationPlatforms) = postSolution
		{E41727BE-0B7D-44D6-B3EB-3C17A22E97B6}.Debug|Any CPU.ActiveCfg = Debug|Any CPU
		{E41727BE-0B7D-44D6-B3EB-3C17A22E97B6}.Debug|Any CPU.Build.0 = Debug|Any CPU
		{E41727BE-0B7D-44D6-B3EB-3C17A22E97B6}.Release|Any CPU.ActiveCfg = Release|Any CPU
		{E41727BE-0B7D-44D6-B3EB-3C17A22E97B6}.Release|Any CPU.Build.0 = Release|Any CPU
	EndGlobalSection
	GlobalSection(SolutionProperties) = preSolution
		HideSolutionNode = FALSE
	EndGlobalSection
	GlobalSection(ExtensibilityGlobals) = postSolution
		SolutionGuid = {EF4026C1-DC38-45A8-A421-2B4E11889EAD}
	EndGlobalSection
EndGlobal
